// !$*UTF8*$!
{
	archiveVersion = 1;
	classes = {
	};
	objectVersion = 50;
	objects = {

/* Begin PBXBuildFile section */
		11181B832A5DEFCA00C70CE4 /* CampaignDiscountView.swift in Sources */ = {isa = PBXBuildFile; fileRef = 11181B822A5DEFCA00C70CE4 /* CampaignDiscountView.swift */; };
		111A3AE82A5F212D000CAE8A /* AllServicesView.swift in Sources */ = {isa = PBXBuildFile; fileRef = 111A3AE72A5F212D000CAE8A /* AllServicesView.swift */; };
		111A3AEA2A5F2499000CAE8A /* CampaignViewModel.swift in Sources */ = {isa = PBXBuildFile; fileRef = 111A3AE92A5F2499000CAE8A /* CampaignViewModel.swift */; };
		111A3AEC2A5F2E0E000CAE8A /* AllServicesCollectionViewCell.swift in Sources */ = {isa = PBXBuildFile; fileRef = 111A3AEB2A5F2E0E000CAE8A /* AllServicesCollectionViewCell.swift */; };
		111B22472A63FF74001E88D5 /* ServiceManager.swift in Sources */ = {isa = PBXBuildFile; fileRef = 111B22462A63FF74001E88D5 /* ServiceManager.swift */; };
		111B22492A640318001E88D5 /* ServiceRequest.swift in Sources */ = {isa = PBXBuildFile; fileRef = 111B22482A640318001E88D5 /* ServiceRequest.swift */; };
		111B224B2A64052D001E88D5 /* ServiceEndpoint.swift in Sources */ = {isa = PBXBuildFile; fileRef = 111B224A2A64052D001E88D5 /* ServiceEndpoint.swift */; };
		111B224E2A64067A001E88D5 /* CacheManager.swift in Sources */ = {isa = PBXBuildFile; fileRef = 111B224D2A64067A001E88D5 /* CacheManager.swift */; };
		111B22532A6412E4001E88D5 /* ServicesResponseModel.swift in Sources */ = {isa = PBXBuildFile; fileRef = 111B22522A6412E4001E88D5 /* ServicesResponseModel.swift */; };
		111B22552A6424BD001E88D5 /* ServiceRequest+Urls.swift in Sources */ = {isa = PBXBuildFile; fileRef = 111B22542A6424BD001E88D5 /* ServiceRequest+Urls.swift */; };
		111B22582A643970001E88D5 /* PopularServicesView.swift in Sources */ = {isa = PBXBuildFile; fileRef = 111B22572A643970001E88D5 /* PopularServicesView.swift */; };
		111B225A2A643DD5001E88D5 /* PopularServicesCollectionViewCell.swift in Sources */ = {isa = PBXBuildFile; fileRef = 111B22592A643DD5001E88D5 /* PopularServicesCollectionViewCell.swift */; };
		111B225E2A64469F001E88D5 /* UIImageView+Extentions.swift in Sources */ = {isa = PBXBuildFile; fileRef = 111B225D2A64469F001E88D5 /* UIImageView+Extentions.swift */; };
		111B22602A6447CB001E88D5 /* PopularServicesViewModel.swift in Sources */ = {isa = PBXBuildFile; fileRef = 111B225F2A6447CB001E88D5 /* PopularServicesViewModel.swift */; };
		112DC1142A82ABFD005CB1C7 /* ServiceDetailsStepViewCollectionViewCell.swift in Sources */ = {isa = PBXBuildFile; fileRef = 112DC1132A82ABFD005CB1C7 /* ServiceDetailsStepViewCollectionViewCell.swift */; };
		112DC1162A82AC4A005CB1C7 /* ServiceDetailsStepViewCollectionViewCellModel.swift in Sources */ = {isa = PBXBuildFile; fileRef = 112DC1152A82AC4A005CB1C7 /* ServiceDetailsStepViewCollectionViewCellModel.swift */; };
		112DC1182A82C199005CB1C7 /* ServiceDetailsStepsView.swift in Sources */ = {isa = PBXBuildFile; fileRef = 112DC1172A82C199005CB1C7 /* ServiceDetailsStepsView.swift */; };
		1147A0542A8175C200DBF8F5 /* SeperatorView.swift in Sources */ = {isa = PBXBuildFile; fileRef = 1147A0532A8175C200DBF8F5 /* SeperatorView.swift */; };
		115AEDB82A75842B00B66099 /* NotificationsConfigurator.swift in Sources */ = {isa = PBXBuildFile; fileRef = 115AEDB72A75842B00B66099 /* NotificationsConfigurator.swift */; };
		116A0BAC2A574B2A00BA9CF3 /* ServicesImageView.swift in Sources */ = {isa = PBXBuildFile; fileRef = 116A0BAB2A574B2A00BA9CF3 /* ServicesImageView.swift */; };
		116C8EAE2A5DC64E00FE8173 /* CampaignView.swift in Sources */ = {isa = PBXBuildFile; fileRef = 116C8EAD2A5DC64E00FE8173 /* CampaignView.swift */; };
		116C8EB02A5DDCDC00FE8173 /* CampaignBottomView.swift in Sources */ = {isa = PBXBuildFile; fileRef = 116C8EAF2A5DDCDC00FE8173 /* CampaignBottomView.swift */; };
		116E82F92A55F33800BBDEC4 /* ServicesHeaderView.swift in Sources */ = {isa = PBXBuildFile; fileRef = 116E82F82A55F33800BBDEC4 /* ServicesHeaderView.swift */; };
		11A3CFA02A5AF80A001EA591 /* ServicesSearchBarView.swift in Sources */ = {isa = PBXBuildFile; fileRef = 11A3CF9F2A5AF80A001EA591 /* ServicesSearchBarView.swift */; };
		11A3CFA52A5B11B5001EA591 /* ServicesHeaderViewModel.swift in Sources */ = {isa = PBXBuildFile; fileRef = 11A3CFA42A5B11B5001EA591 /* ServicesHeaderViewModel.swift */; };
		11CAFC582A608644007C1847 /* AllServicesViewModel.swift in Sources */ = {isa = PBXBuildFile; fileRef = 11CAFC572A608644007C1847 /* AllServicesViewModel.swift */; };
		11D53E8A2A48C1D70014AC86 /* TabBarRouter.swift in Sources */ = {isa = PBXBuildFile; fileRef = 11D53E892A48C1D70014AC86 /* TabBarRouter.swift */; };
		11D53E8C2A48C2FF0014AC86 /* ServicesConfigurator.swift in Sources */ = {isa = PBXBuildFile; fileRef = 11D53E8B2A48C2FF0014AC86 /* ServicesConfigurator.swift */; };
		11D8A9332A66EFB900DFB117 /* CachedImageLoader.swift in Sources */ = {isa = PBXBuildFile; fileRef = 11D8A9322A66EFB900DFB117 /* CachedImageLoader.swift */; };
		11D8A9362A66FC3900DFB117 /* PostsView.swift in Sources */ = {isa = PBXBuildFile; fileRef = 11D8A9352A66FC3900DFB117 /* PostsView.swift */; };
		11D8A9382A6708E000DFB117 /* PostsViewCollectionViewCell.swift in Sources */ = {isa = PBXBuildFile; fileRef = 11D8A9372A6708E000DFB117 /* PostsViewCollectionViewCell.swift */; };
		11D8A93A2A6709D300DFB117 /* PostsImageView.swift in Sources */ = {isa = PBXBuildFile; fileRef = 11D8A9392A6709D300DFB117 /* PostsImageView.swift */; };
		11D8A93C2A67136400DFB117 /* PostsViewModel.swift in Sources */ = {isa = PBXBuildFile; fileRef = 11D8A93B2A67136400DFB117 /* PostsViewModel.swift */; };
		11D8A93E2A67399A00DFB117 /* UIView+Extensions.swift in Sources */ = {isa = PBXBuildFile; fileRef = 11D8A93D2A67399A00DFB117 /* UIView+Extensions.swift */; };
		11DF74182A7C3C7800A67E45 /* ServiceDetailsViewModel.swift in Sources */ = {isa = PBXBuildFile; fileRef = 11DF74172A7C3C7800A67E45 /* ServiceDetailsViewModel.swift */; };
		11DF741A2A7C3E8A00A67E45 /* ServiceDetailsResponseModel.swift in Sources */ = {isa = PBXBuildFile; fileRef = 11DF74192A7C3E8A00A67E45 /* ServiceDetailsResponseModel.swift */; };
		11E630702A7FE62400182C8C /* ServiceDetailsHeaderView.swift in Sources */ = {isa = PBXBuildFile; fileRef = 11E6306F2A7FE62400182C8C /* ServiceDetailsHeaderView.swift */; };
		11E630722A7FE65200182C8C /* ServiceDetailsHeaderViewModel.swift in Sources */ = {isa = PBXBuildFile; fileRef = 11E630712A7FE65200182C8C /* ServiceDetailsHeaderViewModel.swift */; };
		11E630742A801CD900182C8C /* String+Extensions.swift in Sources */ = {isa = PBXBuildFile; fileRef = 11E630732A801CD900182C8C /* String+Extensions.swift */; };
		11EF5FFA2A421E8B00A7F66F /* TabBarViewController.swift in Sources */ = {isa = PBXBuildFile; fileRef = 11EF5FF92A421E8B00A7F66F /* TabBarViewController.swift */; };
		11EF5FFD2A42205200A7F66F /* ServicesView.swift in Sources */ = {isa = PBXBuildFile; fileRef = 11EF5FFC2A42205200A7F66F /* ServicesView.swift */; };
		11EF5FFF2A42205B00A7F66F /* ServicesViewController.swift in Sources */ = {isa = PBXBuildFile; fileRef = 11EF5FFE2A42205B00A7F66F /* ServicesViewController.swift */; };
		11EF60012A42206500A7F66F /* ServicesInteractor.swift in Sources */ = {isa = PBXBuildFile; fileRef = 11EF60002A42206500A7F66F /* ServicesInteractor.swift */; };
		11EF60032A42206C00A7F66F /* ServicesPresenter.swift in Sources */ = {isa = PBXBuildFile; fileRef = 11EF60022A42206C00A7F66F /* ServicesPresenter.swift */; };
		11EF60052A42207500A7F66F /* ServicesRouter.swift in Sources */ = {isa = PBXBuildFile; fileRef = 11EF60042A42207500A7F66F /* ServicesRouter.swift */; };
		11EF60082A42217400A7F66F /* JobsView.swift in Sources */ = {isa = PBXBuildFile; fileRef = 11EF60072A42217400A7F66F /* JobsView.swift */; };
		11EF600A2A42217E00A7F66F /* JobsViewController.swift in Sources */ = {isa = PBXBuildFile; fileRef = 11EF60092A42217E00A7F66F /* JobsViewController.swift */; };
		11EF600C2A42218600A7F66F /* JobsInteractor.swift in Sources */ = {isa = PBXBuildFile; fileRef = 11EF600B2A42218600A7F66F /* JobsInteractor.swift */; };
		11EF600E2A42218D00A7F66F /* JobsPresenter.swift in Sources */ = {isa = PBXBuildFile; fileRef = 11EF600D2A42218D00A7F66F /* JobsPresenter.swift */; };
		11EF60102A42219500A7F66F /* JobsRouter.swift in Sources */ = {isa = PBXBuildFile; fileRef = 11EF600F2A42219500A7F66F /* JobsRouter.swift */; };
		11EF60132A4222DE00A7F66F /* NotificationsView.swift in Sources */ = {isa = PBXBuildFile; fileRef = 11EF60122A4222DE00A7F66F /* NotificationsView.swift */; };
		11EF60152A4222E500A7F66F /* NotificationsViewController.swift in Sources */ = {isa = PBXBuildFile; fileRef = 11EF60142A4222E500A7F66F /* NotificationsViewController.swift */; };
		11EF60172A4222EF00A7F66F /* NotificationsInteractor.swift in Sources */ = {isa = PBXBuildFile; fileRef = 11EF60162A4222EF00A7F66F /* NotificationsInteractor.swift */; };
		11EF60192A4222F900A7F66F /* NotificationsPresenter.swift in Sources */ = {isa = PBXBuildFile; fileRef = 11EF60182A4222F900A7F66F /* NotificationsPresenter.swift */; };
		11EF601B2A4222FF00A7F66F /* NotificationsRouter.swift in Sources */ = {isa = PBXBuildFile; fileRef = 11EF601A2A4222FF00A7F66F /* NotificationsRouter.swift */; };
		11EF601E2A42255600A7F66F /* ProfilesView.swift in Sources */ = {isa = PBXBuildFile; fileRef = 11EF601D2A42255600A7F66F /* ProfilesView.swift */; };
		11EF60202A42255D00A7F66F /* ProfilesViewController.swift in Sources */ = {isa = PBXBuildFile; fileRef = 11EF601F2A42255D00A7F66F /* ProfilesViewController.swift */; };
		11EF60222A42256600A7F66F /* ProfilesInteractor.swift in Sources */ = {isa = PBXBuildFile; fileRef = 11EF60212A42256600A7F66F /* ProfilesInteractor.swift */; };
		11EF60242A42256D00A7F66F /* ProfilesPresenter.swift in Sources */ = {isa = PBXBuildFile; fileRef = 11EF60232A42256D00A7F66F /* ProfilesPresenter.swift */; };
		11EF60262A42257500A7F66F /* ProfilesRouter.swift in Sources */ = {isa = PBXBuildFile; fileRef = 11EF60252A42257500A7F66F /* ProfilesRouter.swift */; };
		11F5C42F2A7F98E900E031AF /* ServiceDetailsView.swift in Sources */ = {isa = PBXBuildFile; fileRef = 11F5C42E2A7F98E900E031AF /* ServiceDetailsView.swift */; };
		11F5C4312A7F98F500E031AF /* ServiceDetailsViewController.swift in Sources */ = {isa = PBXBuildFile; fileRef = 11F5C4302A7F98F500E031AF /* ServiceDetailsViewController.swift */; };
		11F5C4332A7F990000E031AF /* ServiceDetailsPresenter.swift in Sources */ = {isa = PBXBuildFile; fileRef = 11F5C4322A7F990000E031AF /* ServiceDetailsPresenter.swift */; };
		11F5C4352A7F990700E031AF /* ServiceDetailsRouter.swift in Sources */ = {isa = PBXBuildFile; fileRef = 11F5C4342A7F990700E031AF /* ServiceDetailsRouter.swift */; };
		11F5C4372A7F991400E031AF /* ServiceDetailsInteractor.swift in Sources */ = {isa = PBXBuildFile; fileRef = 11F5C4362A7F991400E031AF /* ServiceDetailsInteractor.swift */; };
		11F5C4392A7F991B00E031AF /* ServiceDetailsConfigurator.swift in Sources */ = {isa = PBXBuildFile; fileRef = 11F5C4382A7F991B00E031AF /* ServiceDetailsConfigurator.swift */; };
		11F5C4402A7FDF2A00E031AF /* ServiceDetailsInfoView.swift in Sources */ = {isa = PBXBuildFile; fileRef = 11F5C43F2A7FDF2A00E031AF /* ServiceDetailsInfoView.swift */; };
		11F5C4442A7FE20000E031AF /* ServiceDetailsInfoViewModel.swift in Sources */ = {isa = PBXBuildFile; fileRef = 11F5C4432A7FE20000E031AF /* ServiceDetailsInfoViewModel.swift */; };
		11F9200B2A680206005B8918 /* NSAttributedString+Extensions.swift in Sources */ = {isa = PBXBuildFile; fileRef = 11F9200A2A680206005B8918 /* NSAttributedString+Extensions.swift */; };
		1C4818BE247CDF03001B0324 /* AppDelegate.swift in Sources */ = {isa = PBXBuildFile; fileRef = 1C4818BD247CDF03001B0324 /* AppDelegate.swift */; };
		1C4818C2247CDF03001B0324 /* TitlesViewController.swift in Sources */ = {isa = PBXBuildFile; fileRef = 1C4818C1247CDF03001B0324 /* TitlesViewController.swift */; };
		1C4818C7247CDF06001B0324 /* Assets.xcassets in Resources */ = {isa = PBXBuildFile; fileRef = 1C4818C6247CDF06001B0324 /* Assets.xcassets */; };
		1C4818CA247CDF06001B0324 /* LaunchScreen.storyboard in Resources */ = {isa = PBXBuildFile; fileRef = 1C4818C8247CDF06001B0324 /* LaunchScreen.storyboard */; };
		1CCAC45B247CE363009AC08C /* TitlesRouter.swift in Sources */ = {isa = PBXBuildFile; fileRef = 1CCAC45A247CE363009AC08C /* TitlesRouter.swift */; };
		1CCAC45D247CE36B009AC08C /* TitlesInteractor.swift in Sources */ = {isa = PBXBuildFile; fileRef = 1CCAC45C247CE36B009AC08C /* TitlesInteractor.swift */; };
		1CCAC45F247CE372009AC08C /* TitlesPresenter.swift in Sources */ = {isa = PBXBuildFile; fileRef = 1CCAC45E247CE372009AC08C /* TitlesPresenter.swift */; };
		1CCAC461247CE383009AC08C /* TitlesConfigurator.swift in Sources */ = {isa = PBXBuildFile; fileRef = 1CCAC460247CE383009AC08C /* TitlesConfigurator.swift */; };
		1CCAC463247CF7F5009AC08C /* TitlesView.swift in Sources */ = {isa = PBXBuildFile; fileRef = 1CCAC462247CF7F5009AC08C /* TitlesView.swift */; };
		1CE9D684247D7B2E00C8AAF6 /* TitlesService.swift in Sources */ = {isa = PBXBuildFile; fileRef = 1CE9D683247D7B2E00C8AAF6 /* TitlesService.swift */; };
		1CEF92AE2480EF4200643631 /* Model.xcdatamodeld in Sources */ = {isa = PBXBuildFile; fileRef = 1CEF92AC2480EF4200643631 /* Model.xcdatamodeld */; };
		1CEF92B02480FC5400643631 /* PersistentContainerProvider.swift in Sources */ = {isa = PBXBuildFile; fileRef = 1CEF92AF2480FC5400643631 /* PersistentContainerProvider.swift */; };
		1CEF92B32481760700643631 /* TitleDetailView.swift in Sources */ = {isa = PBXBuildFile; fileRef = 1CEF92B22481760700643631 /* TitleDetailView.swift */; };
		1CEF92B52481761100643631 /* TitleDetailViewController.swift in Sources */ = {isa = PBXBuildFile; fileRef = 1CEF92B42481761100643631 /* TitleDetailViewController.swift */; };
		1CEF92B72481762800643631 /* TitleDetailInteractor.swift in Sources */ = {isa = PBXBuildFile; fileRef = 1CEF92B62481762800643631 /* TitleDetailInteractor.swift */; };
		1CEF92B92481763000643631 /* TitleDetailPresenter.swift in Sources */ = {isa = PBXBuildFile; fileRef = 1CEF92B82481763000643631 /* TitleDetailPresenter.swift */; };
		1CEF92BB2481763700643631 /* TitleDetailRouter.swift in Sources */ = {isa = PBXBuildFile; fileRef = 1CEF92BA2481763700643631 /* TitleDetailRouter.swift */; };
		1CEF92BD2481764000643631 /* TitleDetailConfigurator.swift in Sources */ = {isa = PBXBuildFile; fileRef = 1CEF92BC2481764000643631 /* TitleDetailConfigurator.swift */; };
		1CEF92BF2482B6F300643631 /* UIViewController+Extensions.swift in Sources */ = {isa = PBXBuildFile; fileRef = 1CEF92BE2482B6F300643631 /* UIViewController+Extensions.swift */; };
/* End PBXBuildFile section */

/* Begin PBXFileReference section */
		11181B822A5DEFCA00C70CE4 /* CampaignDiscountView.swift */ = {isa = PBXFileReference; lastKnownFileType = sourcecode.swift; path = CampaignDiscountView.swift; sourceTree = "<group>"; };
		111A3AE72A5F212D000CAE8A /* AllServicesView.swift */ = {isa = PBXFileReference; lastKnownFileType = sourcecode.swift; path = AllServicesView.swift; sourceTree = "<group>"; };
		111A3AE92A5F2499000CAE8A /* CampaignViewModel.swift */ = {isa = PBXFileReference; lastKnownFileType = sourcecode.swift; path = CampaignViewModel.swift; sourceTree = "<group>"; };
		111A3AEB2A5F2E0E000CAE8A /* AllServicesCollectionViewCell.swift */ = {isa = PBXFileReference; lastKnownFileType = sourcecode.swift; path = AllServicesCollectionViewCell.swift; sourceTree = "<group>"; };
		111B22462A63FF74001E88D5 /* ServiceManager.swift */ = {isa = PBXFileReference; lastKnownFileType = sourcecode.swift; path = ServiceManager.swift; sourceTree = "<group>"; };
		111B22482A640318001E88D5 /* ServiceRequest.swift */ = {isa = PBXFileReference; lastKnownFileType = sourcecode.swift; path = ServiceRequest.swift; sourceTree = "<group>"; };
		111B224A2A64052D001E88D5 /* ServiceEndpoint.swift */ = {isa = PBXFileReference; lastKnownFileType = sourcecode.swift; path = ServiceEndpoint.swift; sourceTree = "<group>"; };
		111B224D2A64067A001E88D5 /* CacheManager.swift */ = {isa = PBXFileReference; lastKnownFileType = sourcecode.swift; path = CacheManager.swift; sourceTree = "<group>"; };
		111B22522A6412E4001E88D5 /* ServicesResponseModel.swift */ = {isa = PBXFileReference; lastKnownFileType = sourcecode.swift; path = ServicesResponseModel.swift; sourceTree = "<group>"; };
		111B22542A6424BD001E88D5 /* ServiceRequest+Urls.swift */ = {isa = PBXFileReference; lastKnownFileType = sourcecode.swift; path = "ServiceRequest+Urls.swift"; sourceTree = "<group>"; };
		111B22572A643970001E88D5 /* PopularServicesView.swift */ = {isa = PBXFileReference; lastKnownFileType = sourcecode.swift; path = PopularServicesView.swift; sourceTree = "<group>"; };
		111B22592A643DD5001E88D5 /* PopularServicesCollectionViewCell.swift */ = {isa = PBXFileReference; lastKnownFileType = sourcecode.swift; path = PopularServicesCollectionViewCell.swift; sourceTree = "<group>"; };
		111B225D2A64469F001E88D5 /* UIImageView+Extentions.swift */ = {isa = PBXFileReference; lastKnownFileType = sourcecode.swift; path = "UIImageView+Extentions.swift"; sourceTree = "<group>"; };
		111B225F2A6447CB001E88D5 /* PopularServicesViewModel.swift */ = {isa = PBXFileReference; lastKnownFileType = sourcecode.swift; path = PopularServicesViewModel.swift; sourceTree = "<group>"; };
		112DC1132A82ABFD005CB1C7 /* ServiceDetailsStepViewCollectionViewCell.swift */ = {isa = PBXFileReference; lastKnownFileType = sourcecode.swift; path = ServiceDetailsStepViewCollectionViewCell.swift; sourceTree = "<group>"; };
		112DC1152A82AC4A005CB1C7 /* ServiceDetailsStepViewCollectionViewCellModel.swift */ = {isa = PBXFileReference; lastKnownFileType = sourcecode.swift; path = ServiceDetailsStepViewCollectionViewCellModel.swift; sourceTree = "<group>"; };
		112DC1172A82C199005CB1C7 /* ServiceDetailsStepsView.swift */ = {isa = PBXFileReference; lastKnownFileType = sourcecode.swift; path = ServiceDetailsStepsView.swift; sourceTree = "<group>"; };
		1147A0532A8175C200DBF8F5 /* SeperatorView.swift */ = {isa = PBXFileReference; lastKnownFileType = sourcecode.swift; path = SeperatorView.swift; sourceTree = "<group>"; };
		115AEDB72A75842B00B66099 /* NotificationsConfigurator.swift */ = {isa = PBXFileReference; lastKnownFileType = sourcecode.swift; path = NotificationsConfigurator.swift; sourceTree = "<group>"; };
		116A0BAB2A574B2A00BA9CF3 /* ServicesImageView.swift */ = {isa = PBXFileReference; lastKnownFileType = sourcecode.swift; path = ServicesImageView.swift; sourceTree = "<group>"; };
		116C8EAD2A5DC64E00FE8173 /* CampaignView.swift */ = {isa = PBXFileReference; lastKnownFileType = sourcecode.swift; path = CampaignView.swift; sourceTree = "<group>"; };
		116C8EAF2A5DDCDC00FE8173 /* CampaignBottomView.swift */ = {isa = PBXFileReference; lastKnownFileType = sourcecode.swift; path = CampaignBottomView.swift; sourceTree = "<group>"; };
		116E82F82A55F33800BBDEC4 /* ServicesHeaderView.swift */ = {isa = PBXFileReference; lastKnownFileType = sourcecode.swift; path = ServicesHeaderView.swift; sourceTree = "<group>"; };
		11A3CF9F2A5AF80A001EA591 /* ServicesSearchBarView.swift */ = {isa = PBXFileReference; lastKnownFileType = sourcecode.swift; path = ServicesSearchBarView.swift; sourceTree = "<group>"; };
		11A3CFA42A5B11B5001EA591 /* ServicesHeaderViewModel.swift */ = {isa = PBXFileReference; lastKnownFileType = sourcecode.swift; path = ServicesHeaderViewModel.swift; sourceTree = "<group>"; };
		11CAFC572A608644007C1847 /* AllServicesViewModel.swift */ = {isa = PBXFileReference; lastKnownFileType = sourcecode.swift; path = AllServicesViewModel.swift; sourceTree = "<group>"; };
		11D53E892A48C1D70014AC86 /* TabBarRouter.swift */ = {isa = PBXFileReference; lastKnownFileType = sourcecode.swift; path = TabBarRouter.swift; sourceTree = "<group>"; };
		11D53E8B2A48C2FF0014AC86 /* ServicesConfigurator.swift */ = {isa = PBXFileReference; lastKnownFileType = sourcecode.swift; path = ServicesConfigurator.swift; sourceTree = "<group>"; };
		11D8A9322A66EFB900DFB117 /* CachedImageLoader.swift */ = {isa = PBXFileReference; lastKnownFileType = sourcecode.swift; path = CachedImageLoader.swift; sourceTree = "<group>"; };
		11D8A9352A66FC3900DFB117 /* PostsView.swift */ = {isa = PBXFileReference; lastKnownFileType = sourcecode.swift; path = PostsView.swift; sourceTree = "<group>"; };
		11D8A9372A6708E000DFB117 /* PostsViewCollectionViewCell.swift */ = {isa = PBXFileReference; lastKnownFileType = sourcecode.swift; path = PostsViewCollectionViewCell.swift; sourceTree = "<group>"; };
		11D8A9392A6709D300DFB117 /* PostsImageView.swift */ = {isa = PBXFileReference; lastKnownFileType = sourcecode.swift; path = PostsImageView.swift; sourceTree = "<group>"; };
		11D8A93B2A67136400DFB117 /* PostsViewModel.swift */ = {isa = PBXFileReference; lastKnownFileType = sourcecode.swift; path = PostsViewModel.swift; sourceTree = "<group>"; };
		11D8A93D2A67399A00DFB117 /* UIView+Extensions.swift */ = {isa = PBXFileReference; lastKnownFileType = sourcecode.swift; path = "UIView+Extensions.swift"; sourceTree = "<group>"; };
		11DF74172A7C3C7800A67E45 /* ServiceDetailsViewModel.swift */ = {isa = PBXFileReference; lastKnownFileType = sourcecode.swift; path = ServiceDetailsViewModel.swift; sourceTree = "<group>"; };
		11DF74192A7C3E8A00A67E45 /* ServiceDetailsResponseModel.swift */ = {isa = PBXFileReference; lastKnownFileType = sourcecode.swift; path = ServiceDetailsResponseModel.swift; sourceTree = "<group>"; };
		11E6306F2A7FE62400182C8C /* ServiceDetailsHeaderView.swift */ = {isa = PBXFileReference; lastKnownFileType = sourcecode.swift; path = ServiceDetailsHeaderView.swift; sourceTree = "<group>"; };
		11E630712A7FE65200182C8C /* ServiceDetailsHeaderViewModel.swift */ = {isa = PBXFileReference; lastKnownFileType = sourcecode.swift; path = ServiceDetailsHeaderViewModel.swift; sourceTree = "<group>"; };
		11E630732A801CD900182C8C /* String+Extensions.swift */ = {isa = PBXFileReference; lastKnownFileType = sourcecode.swift; path = "String+Extensions.swift"; sourceTree = "<group>"; };
		11EF5FF92A421E8B00A7F66F /* TabBarViewController.swift */ = {isa = PBXFileReference; lastKnownFileType = sourcecode.swift; path = TabBarViewController.swift; sourceTree = "<group>"; };
		11EF5FFC2A42205200A7F66F /* ServicesView.swift */ = {isa = PBXFileReference; lastKnownFileType = sourcecode.swift; path = ServicesView.swift; sourceTree = "<group>"; };
		11EF5FFE2A42205B00A7F66F /* ServicesViewController.swift */ = {isa = PBXFileReference; lastKnownFileType = sourcecode.swift; path = ServicesViewController.swift; sourceTree = "<group>"; };
		11EF60002A42206500A7F66F /* ServicesInteractor.swift */ = {isa = PBXFileReference; lastKnownFileType = sourcecode.swift; path = ServicesInteractor.swift; sourceTree = "<group>"; };
		11EF60022A42206C00A7F66F /* ServicesPresenter.swift */ = {isa = PBXFileReference; lastKnownFileType = sourcecode.swift; path = ServicesPresenter.swift; sourceTree = "<group>"; };
		11EF60042A42207500A7F66F /* ServicesRouter.swift */ = {isa = PBXFileReference; lastKnownFileType = sourcecode.swift; path = ServicesRouter.swift; sourceTree = "<group>"; };
		11EF60072A42217400A7F66F /* JobsView.swift */ = {isa = PBXFileReference; lastKnownFileType = sourcecode.swift; path = JobsView.swift; sourceTree = "<group>"; };
		11EF60092A42217E00A7F66F /* JobsViewController.swift */ = {isa = PBXFileReference; lastKnownFileType = sourcecode.swift; path = JobsViewController.swift; sourceTree = "<group>"; };
		11EF600B2A42218600A7F66F /* JobsInteractor.swift */ = {isa = PBXFileReference; lastKnownFileType = sourcecode.swift; path = JobsInteractor.swift; sourceTree = "<group>"; };
		11EF600D2A42218D00A7F66F /* JobsPresenter.swift */ = {isa = PBXFileReference; lastKnownFileType = sourcecode.swift; path = JobsPresenter.swift; sourceTree = "<group>"; };
		11EF600F2A42219500A7F66F /* JobsRouter.swift */ = {isa = PBXFileReference; lastKnownFileType = sourcecode.swift; path = JobsRouter.swift; sourceTree = "<group>"; };
		11EF60122A4222DE00A7F66F /* NotificationsView.swift */ = {isa = PBXFileReference; lastKnownFileType = sourcecode.swift; path = NotificationsView.swift; sourceTree = "<group>"; };
		11EF60142A4222E500A7F66F /* NotificationsViewController.swift */ = {isa = PBXFileReference; lastKnownFileType = sourcecode.swift; path = NotificationsViewController.swift; sourceTree = "<group>"; };
		11EF60162A4222EF00A7F66F /* NotificationsInteractor.swift */ = {isa = PBXFileReference; lastKnownFileType = sourcecode.swift; path = NotificationsInteractor.swift; sourceTree = "<group>"; };
		11EF60182A4222F900A7F66F /* NotificationsPresenter.swift */ = {isa = PBXFileReference; lastKnownFileType = sourcecode.swift; path = NotificationsPresenter.swift; sourceTree = "<group>"; };
		11EF601A2A4222FF00A7F66F /* NotificationsRouter.swift */ = {isa = PBXFileReference; lastKnownFileType = sourcecode.swift; path = NotificationsRouter.swift; sourceTree = "<group>"; };
		11EF601D2A42255600A7F66F /* ProfilesView.swift */ = {isa = PBXFileReference; lastKnownFileType = sourcecode.swift; path = ProfilesView.swift; sourceTree = "<group>"; };
		11EF601F2A42255D00A7F66F /* ProfilesViewController.swift */ = {isa = PBXFileReference; lastKnownFileType = sourcecode.swift; path = ProfilesViewController.swift; sourceTree = "<group>"; };
		11EF60212A42256600A7F66F /* ProfilesInteractor.swift */ = {isa = PBXFileReference; lastKnownFileType = sourcecode.swift; path = ProfilesInteractor.swift; sourceTree = "<group>"; };
		11EF60232A42256D00A7F66F /* ProfilesPresenter.swift */ = {isa = PBXFileReference; lastKnownFileType = sourcecode.swift; path = ProfilesPresenter.swift; sourceTree = "<group>"; };
		11EF60252A42257500A7F66F /* ProfilesRouter.swift */ = {isa = PBXFileReference; lastKnownFileType = sourcecode.swift; path = ProfilesRouter.swift; sourceTree = "<group>"; };
		11F5C42E2A7F98E900E031AF /* ServiceDetailsView.swift */ = {isa = PBXFileReference; lastKnownFileType = sourcecode.swift; path = ServiceDetailsView.swift; sourceTree = "<group>"; };
		11F5C4302A7F98F500E031AF /* ServiceDetailsViewController.swift */ = {isa = PBXFileReference; lastKnownFileType = sourcecode.swift; path = ServiceDetailsViewController.swift; sourceTree = "<group>"; };
		11F5C4322A7F990000E031AF /* ServiceDetailsPresenter.swift */ = {isa = PBXFileReference; lastKnownFileType = sourcecode.swift; path = ServiceDetailsPresenter.swift; sourceTree = "<group>"; };
		11F5C4342A7F990700E031AF /* ServiceDetailsRouter.swift */ = {isa = PBXFileReference; lastKnownFileType = sourcecode.swift; path = ServiceDetailsRouter.swift; sourceTree = "<group>"; };
		11F5C4362A7F991400E031AF /* ServiceDetailsInteractor.swift */ = {isa = PBXFileReference; lastKnownFileType = sourcecode.swift; path = ServiceDetailsInteractor.swift; sourceTree = "<group>"; };
		11F5C4382A7F991B00E031AF /* ServiceDetailsConfigurator.swift */ = {isa = PBXFileReference; lastKnownFileType = sourcecode.swift; path = ServiceDetailsConfigurator.swift; sourceTree = "<group>"; };
		11F5C43F2A7FDF2A00E031AF /* ServiceDetailsInfoView.swift */ = {isa = PBXFileReference; lastKnownFileType = sourcecode.swift; path = ServiceDetailsInfoView.swift; sourceTree = "<group>"; };
		11F5C4432A7FE20000E031AF /* ServiceDetailsInfoViewModel.swift */ = {isa = PBXFileReference; lastKnownFileType = sourcecode.swift; path = ServiceDetailsInfoViewModel.swift; sourceTree = "<group>"; };
		11F9200A2A680206005B8918 /* NSAttributedString+Extensions.swift */ = {isa = PBXFileReference; lastKnownFileType = sourcecode.swift; path = "NSAttributedString+Extensions.swift"; sourceTree = "<group>"; };
		1C4818BA247CDF03001B0324 /* Clean-VIP.app */ = {isa = PBXFileReference; explicitFileType = wrapper.application; includeInIndex = 0; path = "Clean-VIP.app"; sourceTree = BUILT_PRODUCTS_DIR; };
		1C4818BD247CDF03001B0324 /* AppDelegate.swift */ = {isa = PBXFileReference; lastKnownFileType = sourcecode.swift; path = AppDelegate.swift; sourceTree = "<group>"; };
		1C4818C1247CDF03001B0324 /* TitlesViewController.swift */ = {isa = PBXFileReference; lastKnownFileType = sourcecode.swift; path = TitlesViewController.swift; sourceTree = "<group>"; };
		1C4818C6247CDF06001B0324 /* Assets.xcassets */ = {isa = PBXFileReference; lastKnownFileType = folder.assetcatalog; path = Assets.xcassets; sourceTree = "<group>"; };
		1C4818C9247CDF06001B0324 /* Base */ = {isa = PBXFileReference; lastKnownFileType = file.storyboard; name = Base; path = Base.lproj/LaunchScreen.storyboard; sourceTree = "<group>"; };
		1C4818CB247CDF06001B0324 /* Info.plist */ = {isa = PBXFileReference; lastKnownFileType = text.plist.xml; path = Info.plist; sourceTree = "<group>"; };
		1CCAC45A247CE363009AC08C /* TitlesRouter.swift */ = {isa = PBXFileReference; lastKnownFileType = sourcecode.swift; path = TitlesRouter.swift; sourceTree = "<group>"; };
		1CCAC45C247CE36B009AC08C /* TitlesInteractor.swift */ = {isa = PBXFileReference; lastKnownFileType = sourcecode.swift; path = TitlesInteractor.swift; sourceTree = "<group>"; };
		1CCAC45E247CE372009AC08C /* TitlesPresenter.swift */ = {isa = PBXFileReference; lastKnownFileType = sourcecode.swift; path = TitlesPresenter.swift; sourceTree = "<group>"; };
		1CCAC460247CE383009AC08C /* TitlesConfigurator.swift */ = {isa = PBXFileReference; lastKnownFileType = sourcecode.swift; path = TitlesConfigurator.swift; sourceTree = "<group>"; };
		1CCAC462247CF7F5009AC08C /* TitlesView.swift */ = {isa = PBXFileReference; lastKnownFileType = sourcecode.swift; path = TitlesView.swift; sourceTree = "<group>"; };
		1CE9D683247D7B2E00C8AAF6 /* TitlesService.swift */ = {isa = PBXFileReference; lastKnownFileType = sourcecode.swift; path = TitlesService.swift; sourceTree = "<group>"; };
		1CEF92AD2480EF4200643631 /* Title.xcdatamodel */ = {isa = PBXFileReference; lastKnownFileType = wrapper.xcdatamodel; path = Title.xcdatamodel; sourceTree = "<group>"; };
		1CEF92AF2480FC5400643631 /* PersistentContainerProvider.swift */ = {isa = PBXFileReference; lastKnownFileType = sourcecode.swift; path = PersistentContainerProvider.swift; sourceTree = "<group>"; };
		1CEF92B22481760700643631 /* TitleDetailView.swift */ = {isa = PBXFileReference; lastKnownFileType = sourcecode.swift; path = TitleDetailView.swift; sourceTree = "<group>"; };
		1CEF92B42481761100643631 /* TitleDetailViewController.swift */ = {isa = PBXFileReference; lastKnownFileType = sourcecode.swift; path = TitleDetailViewController.swift; sourceTree = "<group>"; };
		1CEF92B62481762800643631 /* TitleDetailInteractor.swift */ = {isa = PBXFileReference; lastKnownFileType = sourcecode.swift; path = TitleDetailInteractor.swift; sourceTree = "<group>"; };
		1CEF92B82481763000643631 /* TitleDetailPresenter.swift */ = {isa = PBXFileReference; lastKnownFileType = sourcecode.swift; path = TitleDetailPresenter.swift; sourceTree = "<group>"; };
		1CEF92BA2481763700643631 /* TitleDetailRouter.swift */ = {isa = PBXFileReference; lastKnownFileType = sourcecode.swift; path = TitleDetailRouter.swift; sourceTree = "<group>"; };
		1CEF92BC2481764000643631 /* TitleDetailConfigurator.swift */ = {isa = PBXFileReference; lastKnownFileType = sourcecode.swift; path = TitleDetailConfigurator.swift; sourceTree = "<group>"; };
		1CEF92BE2482B6F300643631 /* UIViewController+Extensions.swift */ = {isa = PBXFileReference; lastKnownFileType = sourcecode.swift; path = "UIViewController+Extensions.swift"; sourceTree = "<group>"; };
/* End PBXFileReference section */

/* Begin PBXFrameworksBuildPhase section */
		1C4818B7247CDF03001B0324 /* Frameworks */ = {
			isa = PBXFrameworksBuildPhase;
			buildActionMask = 2147483647;
			files = (
			);
			runOnlyForDeploymentPostprocessing = 0;
		};
/* End PBXFrameworksBuildPhase section */

/* Begin PBXGroup section */
		111A3AE62A5F2111000CAE8A /* AllServicesView */ = {
			isa = PBXGroup;
			children = (
				111A3AE72A5F212D000CAE8A /* AllServicesView.swift */,
				111A3AEB2A5F2E0E000CAE8A /* AllServicesCollectionViewCell.swift */,
				11CAFC572A608644007C1847 /* AllServicesViewModel.swift */,
			);
			path = AllServicesView;
			sourceTree = "<group>";
		};
		111B22452A63FF63001E88D5 /* ServiceManager */ = {
			isa = PBXGroup;
			children = (
				111B22462A63FF74001E88D5 /* ServiceManager.swift */,
				111B22482A640318001E88D5 /* ServiceRequest.swift */,
				111B224A2A64052D001E88D5 /* ServiceEndpoint.swift */,
				111B22542A6424BD001E88D5 /* ServiceRequest+Urls.swift */,
			);
			path = ServiceManager;
			sourceTree = "<group>";
		};
		111B224C2A64066F001E88D5 /* CacheManager */ = {
			isa = PBXGroup;
			children = (
				111B224D2A64067A001E88D5 /* CacheManager.swift */,
			);
			path = CacheManager;
			sourceTree = "<group>";
		};
		111B22512A6412D0001E88D5 /* Models */ = {
			isa = PBXGroup;
			children = (
				111B22522A6412E4001E88D5 /* ServicesResponseModel.swift */,
			);
			path = Models;
			sourceTree = "<group>";
		};
		111B22562A6438D0001E88D5 /* PopularServicesView */ = {
			isa = PBXGroup;
			children = (
				111B22572A643970001E88D5 /* PopularServicesView.swift */,
				111B22592A643DD5001E88D5 /* PopularServicesCollectionViewCell.swift */,
				111B225F2A6447CB001E88D5 /* PopularServicesViewModel.swift */,
			);
			path = PopularServicesView;
			sourceTree = "<group>";
		};
		111B225C2A644663001E88D5 /* Extensions */ = {
			isa = PBXGroup;
			children = (
				1CEF92BE2482B6F300643631 /* UIViewController+Extensions.swift */,
				111B225D2A64469F001E88D5 /* UIImageView+Extentions.swift */,
				11D8A93D2A67399A00DFB117 /* UIView+Extensions.swift */,
				11F9200A2A680206005B8918 /* NSAttributedString+Extensions.swift */,
				11E630732A801CD900182C8C /* String+Extensions.swift */,
			);
			path = Extensions;
			sourceTree = "<group>";
		};
		112DC1122A82ABB2005CB1C7 /* StepView */ = {
			isa = PBXGroup;
			children = (
				112DC1132A82ABFD005CB1C7 /* ServiceDetailsStepViewCollectionViewCell.swift */,
				112DC1152A82AC4A005CB1C7 /* ServiceDetailsStepViewCollectionViewCellModel.swift */,
				112DC1172A82C199005CB1C7 /* ServiceDetailsStepsView.swift */,
			);
			path = StepView;
			sourceTree = "<group>";
		};
		1147A0522A81754800DBF8F5 /* CustomViews */ = {
			isa = PBXGroup;
			children = (
				1147A0532A8175C200DBF8F5 /* SeperatorView.swift */,
			);
			path = CustomViews;
			sourceTree = "<group>";
		};
		116A0BAA2A574AFB00BA9CF3 /* View */ = {
			isa = PBXGroup;
			children = (
				11D8A9342A66FBE600DFB117 /* PostsView */,
				111B22562A6438D0001E88D5 /* PopularServicesView */,
				111A3AE62A5F2111000CAE8A /* AllServicesView */,
				116C8EAC2A5DC63400FE8173 /* CampaignView */,
				11A3CFA32A5B11A6001EA591 /* HeaderView */,
			);
			path = View;
			sourceTree = "<group>";
		};
		116C8EAC2A5DC63400FE8173 /* CampaignView */ = {
			isa = PBXGroup;
			children = (
				116C8EAD2A5DC64E00FE8173 /* CampaignView.swift */,
				116C8EAF2A5DDCDC00FE8173 /* CampaignBottomView.swift */,
				11181B822A5DEFCA00C70CE4 /* CampaignDiscountView.swift */,
				111A3AE92A5F2499000CAE8A /* CampaignViewModel.swift */,
			);
			path = CampaignView;
			sourceTree = "<group>";
		};
		119106752A79941A00296BD8 /* ServiceDetails */ = {
			isa = PBXGroup;
			children = (
				11F5C43A2A7FC39800E031AF /* View */,
				11DF74162A7C3C6400A67E45 /* Models */,
				11F5C42E2A7F98E900E031AF /* ServiceDetailsView.swift */,
				11F5C4302A7F98F500E031AF /* ServiceDetailsViewController.swift */,
				11F5C4322A7F990000E031AF /* ServiceDetailsPresenter.swift */,
				11F5C4342A7F990700E031AF /* ServiceDetailsRouter.swift */,
				11F5C4362A7F991400E031AF /* ServiceDetailsInteractor.swift */,
				11F5C4382A7F991B00E031AF /* ServiceDetailsConfigurator.swift */,
			);
			path = ServiceDetails;
			sourceTree = "<group>";
		};
		11A3CFA32A5B11A6001EA591 /* HeaderView */ = {
			isa = PBXGroup;
			children = (
				116E82F82A55F33800BBDEC4 /* ServicesHeaderView.swift */,
				11A3CFA42A5B11B5001EA591 /* ServicesHeaderViewModel.swift */,
				116A0BAB2A574B2A00BA9CF3 /* ServicesImageView.swift */,
				11A3CF9F2A5AF80A001EA591 /* ServicesSearchBarView.swift */,
			);
			path = HeaderView;
			sourceTree = "<group>";
		};
		11D8A9342A66FBE600DFB117 /* PostsView */ = {
			isa = PBXGroup;
			children = (
				11D8A9352A66FC3900DFB117 /* PostsView.swift */,
				11D8A9372A6708E000DFB117 /* PostsViewCollectionViewCell.swift */,
				11D8A9392A6709D300DFB117 /* PostsImageView.swift */,
				11D8A93B2A67136400DFB117 /* PostsViewModel.swift */,
			);
			path = PostsView;
			sourceTree = "<group>";
		};
		11DF74162A7C3C6400A67E45 /* Models */ = {
			isa = PBXGroup;
			children = (
				11DF74172A7C3C7800A67E45 /* ServiceDetailsViewModel.swift */,
				11DF74192A7C3E8A00A67E45 /* ServiceDetailsResponseModel.swift */,
			);
			path = Models;
			sourceTree = "<group>";
		};
		11EF5FF82A421E6000A7F66F /* Dashboard */ = {
			isa = PBXGroup;
			children = (
				11EF5FF92A421E8B00A7F66F /* TabBarViewController.swift */,
				11D53E892A48C1D70014AC86 /* TabBarRouter.swift */,
			);
			path = Dashboard;
			sourceTree = "<group>";
		};
		11EF5FFB2A42202B00A7F66F /* Services */ = {
			isa = PBXGroup;
			children = (
				111B22512A6412D0001E88D5 /* Models */,
				116A0BAA2A574AFB00BA9CF3 /* View */,
				11EF5FFC2A42205200A7F66F /* ServicesView.swift */,
				11EF5FFE2A42205B00A7F66F /* ServicesViewController.swift */,
				11EF60002A42206500A7F66F /* ServicesInteractor.swift */,
				11EF60022A42206C00A7F66F /* ServicesPresenter.swift */,
				11EF60042A42207500A7F66F /* ServicesRouter.swift */,
				11D53E8B2A48C2FF0014AC86 /* ServicesConfigurator.swift */,
			);
			path = Services;
			sourceTree = "<group>";
		};
		11EF60062A42216900A7F66F /* Jobs */ = {
			isa = PBXGroup;
			children = (
				11EF60072A42217400A7F66F /* JobsView.swift */,
				11EF60092A42217E00A7F66F /* JobsViewController.swift */,
				11EF600B2A42218600A7F66F /* JobsInteractor.swift */,
				11EF600D2A42218D00A7F66F /* JobsPresenter.swift */,
				11EF600F2A42219500A7F66F /* JobsRouter.swift */,
			);
			path = Jobs;
			sourceTree = "<group>";
		};
		11EF60112A4222C900A7F66F /* Notifications */ = {
			isa = PBXGroup;
			children = (
				11EF60122A4222DE00A7F66F /* NotificationsView.swift */,
				11EF60142A4222E500A7F66F /* NotificationsViewController.swift */,
				11EF60162A4222EF00A7F66F /* NotificationsInteractor.swift */,
				11EF60182A4222F900A7F66F /* NotificationsPresenter.swift */,
				11EF601A2A4222FF00A7F66F /* NotificationsRouter.swift */,
				115AEDB72A75842B00B66099 /* NotificationsConfigurator.swift */,
			);
			path = Notifications;
			sourceTree = "<group>";
		};
		11EF601C2A42254900A7F66F /* Profiles */ = {
			isa = PBXGroup;
			children = (
				11EF601D2A42255600A7F66F /* ProfilesView.swift */,
				11EF601F2A42255D00A7F66F /* ProfilesViewController.swift */,
				11EF60212A42256600A7F66F /* ProfilesInteractor.swift */,
				11EF60232A42256D00A7F66F /* ProfilesPresenter.swift */,
				11EF60252A42257500A7F66F /* ProfilesRouter.swift */,
			);
			path = Profiles;
			sourceTree = "<group>";
		};
		11F5C43A2A7FC39800E031AF /* View */ = {
			isa = PBXGroup;
			children = (
				112DC1122A82ABB2005CB1C7 /* StepView */,
				11F5C4422A7FDF3F00E031AF /* InfoView */,
				11F5C4412A7FDF3200E031AF /* HeaderView */,
			);
			path = View;
			sourceTree = "<group>";
		};
		11F5C4412A7FDF3200E031AF /* HeaderView */ = {
			isa = PBXGroup;
			children = (
				11E6306F2A7FE62400182C8C /* ServiceDetailsHeaderView.swift */,
				11E630712A7FE65200182C8C /* ServiceDetailsHeaderViewModel.swift */,
			);
			path = HeaderView;
			sourceTree = "<group>";
		};
		11F5C4422A7FDF3F00E031AF /* InfoView */ = {
			isa = PBXGroup;
			children = (
				11F5C43F2A7FDF2A00E031AF /* ServiceDetailsInfoView.swift */,
				11F5C4432A7FE20000E031AF /* ServiceDetailsInfoViewModel.swift */,
			);
			path = InfoView;
			sourceTree = "<group>";
		};
		1C390276247CDFC900797273 /* Application Layer */ = {
			isa = PBXGroup;
			children = (
				1C4818BD247CDF03001B0324 /* AppDelegate.swift */,
			);
			path = "Application Layer";
			sourceTree = "<group>";
		};
		1C390277247CDFD200797273 /* Presentation Layer */ = {
			isa = PBXGroup;
			children = (
				1147A0522A81754800DBF8F5 /* CustomViews */,
				1CCAC465247D6A36009AC08C /* Modules */,
			);
			path = "Presentation Layer";
			sourceTree = "<group>";
		};
		1C390278247CDFDA00797273 /* Business Logic Layer */ = {
			isa = PBXGroup;
			children = (
				111B224C2A64066F001E88D5 /* CacheManager */,
				111B22452A63FF63001E88D5 /* ServiceManager */,
				1CEF92B12481758200643631 /* Entities */,
				1CE9D67D247D6D4700C8AAF6 /* Services */,
			);
			path = "Business Logic Layer";
			sourceTree = "<group>";
		};
		1C390279247CDFE100797273 /* Core Layer */ = {
			isa = PBXGroup;
			children = (
				1CE9D680247D733E00C8AAF6 /* Storage */,
			);
			path = "Core Layer";
			sourceTree = "<group>";
		};
		1C4818B1247CDF03001B0324 = {
			isa = PBXGroup;
			children = (
				1C4818BC247CDF03001B0324 /* Clean-VIP */,
				1C4818BB247CDF03001B0324 /* Products */,
			);
			sourceTree = "<group>";
		};
		1C4818BB247CDF03001B0324 /* Products */ = {
			isa = PBXGroup;
			children = (
				1C4818BA247CDF03001B0324 /* Clean-VIP.app */,
			);
			name = Products;
			sourceTree = "<group>";
		};
		1C4818BC247CDF03001B0324 /* Clean-VIP */ = {
			isa = PBXGroup;
			children = (
				1C390276247CDFC900797273 /* Application Layer */,
				1C390277247CDFD200797273 /* Presentation Layer */,
				1C390278247CDFDA00797273 /* Business Logic Layer */,
				1C390279247CDFE100797273 /* Core Layer */,
				1C4818D1247CDF2F001B0324 /* Supporting Files */,
			);
			path = "Clean-VIP";
			sourceTree = "<group>";
		};
		1C4818D1247CDF2F001B0324 /* Supporting Files */ = {
			isa = PBXGroup;
			children = (
				11D8A9322A66EFB900DFB117 /* CachedImageLoader.swift */,
				111B225C2A644663001E88D5 /* Extensions */,
				1C4818C6247CDF06001B0324 /* Assets.xcassets */,
				1C4818C8247CDF06001B0324 /* LaunchScreen.storyboard */,
				1C4818CB247CDF06001B0324 /* Info.plist */,
			);
			path = "Supporting Files";
			sourceTree = "<group>";
		};
		1CCAC465247D6A36009AC08C /* Modules */ = {
			isa = PBXGroup;
			children = (
				119106752A79941A00296BD8 /* ServiceDetails */,
				11EF601C2A42254900A7F66F /* Profiles */,
				11EF60112A4222C900A7F66F /* Notifications */,
				11EF60062A42216900A7F66F /* Jobs */,
				11EF5FFB2A42202B00A7F66F /* Services */,
				11EF5FF82A421E6000A7F66F /* Dashboard */,
				1CCAC466247D6A3D009AC08C /* Titles */,
				1CCAC467247D6A4A009AC08C /* Title Detail */,
			);
			path = Modules;
			sourceTree = "<group>";
		};
		1CCAC466247D6A3D009AC08C /* Titles */ = {
			isa = PBXGroup;
			children = (
				1CCAC462247CF7F5009AC08C /* TitlesView.swift */,
				1C4818C1247CDF03001B0324 /* TitlesViewController.swift */,
				1CCAC45C247CE36B009AC08C /* TitlesInteractor.swift */,
				1CCAC45E247CE372009AC08C /* TitlesPresenter.swift */,
				1CCAC45A247CE363009AC08C /* TitlesRouter.swift */,
				1CCAC460247CE383009AC08C /* TitlesConfigurator.swift */,
			);
			path = Titles;
			sourceTree = "<group>";
		};
		1CCAC467247D6A4A009AC08C /* Title Detail */ = {
			isa = PBXGroup;
			children = (
				1CEF92B22481760700643631 /* TitleDetailView.swift */,
				1CEF92B42481761100643631 /* TitleDetailViewController.swift */,
				1CEF92B62481762800643631 /* TitleDetailInteractor.swift */,
				1CEF92B82481763000643631 /* TitleDetailPresenter.swift */,
				1CEF92BA2481763700643631 /* TitleDetailRouter.swift */,
				1CEF92BC2481764000643631 /* TitleDetailConfigurator.swift */,
			);
			path = "Title Detail";
			sourceTree = "<group>";
		};
		1CE9D67D247D6D4700C8AAF6 /* Services */ = {
			isa = PBXGroup;
			children = (
				1CE9D683247D7B2E00C8AAF6 /* TitlesService.swift */,
			);
			path = Services;
			sourceTree = "<group>";
		};
		1CE9D680247D733E00C8AAF6 /* Storage */ = {
			isa = PBXGroup;
			children = (
				1CEF92AF2480FC5400643631 /* PersistentContainerProvider.swift */,
			);
			path = Storage;
			sourceTree = "<group>";
		};
		1CEF92B12481758200643631 /* Entities */ = {
			isa = PBXGroup;
			children = (
				1CEF92AC2480EF4200643631 /* Model.xcdatamodeld */,
			);
			path = Entities;
			sourceTree = "<group>";
		};
/* End PBXGroup section */

/* Begin PBXNativeTarget section */
		1C4818B9247CDF03001B0324 /* Clean-VIP */ = {
			isa = PBXNativeTarget;
			buildConfigurationList = 1C4818CE247CDF06001B0324 /* Build configuration list for PBXNativeTarget "Clean-VIP" */;
			buildPhases = (
				1C4818B6247CDF03001B0324 /* Sources */,
				1C4818B7247CDF03001B0324 /* Frameworks */,
				1C4818B8247CDF03001B0324 /* Resources */,
			);
			buildRules = (
			);
			dependencies = (
			);
			name = "Clean-VIP";
			productName = "Clean-VIP";
			productReference = 1C4818BA247CDF03001B0324 /* Clean-VIP.app */;
			productType = "com.apple.product-type.application";
		};
/* End PBXNativeTarget section */

/* Begin PBXProject section */
		1C4818B2247CDF03001B0324 /* Project object */ = {
			isa = PBXProject;
			attributes = {
				LastSwiftUpdateCheck = 1140;
				LastUpgradeCheck = 1140;
				ORGANIZATIONNAME = Zafar;
				TargetAttributes = {
					1C4818B9247CDF03001B0324 = {
						CreatedOnToolsVersion = 11.4.1;
					};
				};
			};
			buildConfigurationList = 1C4818B5247CDF03001B0324 /* Build configuration list for PBXProject "Clean-VIP" */;
			compatibilityVersion = "Xcode 9.3";
			developmentRegion = en;
			hasScannedForEncodings = 0;
			knownRegions = (
				en,
				Base,
			);
			mainGroup = 1C4818B1247CDF03001B0324;
			productRefGroup = 1C4818BB247CDF03001B0324 /* Products */;
			projectDirPath = "";
			projectRoot = "";
			targets = (
				1C4818B9247CDF03001B0324 /* Clean-VIP */,
			);
		};
/* End PBXProject section */

/* Begin PBXResourcesBuildPhase section */
		1C4818B8247CDF03001B0324 /* Resources */ = {
			isa = PBXResourcesBuildPhase;
			buildActionMask = 2147483647;
			files = (
				1C4818CA247CDF06001B0324 /* LaunchScreen.storyboard in Resources */,
				1C4818C7247CDF06001B0324 /* Assets.xcassets in Resources */,
			);
			runOnlyForDeploymentPostprocessing = 0;
		};
/* End PBXResourcesBuildPhase section */

/* Begin PBXSourcesBuildPhase section */
		1C4818B6247CDF03001B0324 /* Sources */ = {
			isa = PBXSourcesBuildPhase;
			buildActionMask = 2147483647;
			files = (
				1CEF92BD2481764000643631 /* TitleDetailConfigurator.swift in Sources */,
				11EF5FFA2A421E8B00A7F66F /* TabBarViewController.swift in Sources */,
				111B22582A643970001E88D5 /* PopularServicesView.swift in Sources */,
				11EF60172A4222EF00A7F66F /* NotificationsInteractor.swift in Sources */,
				11E630702A7FE62400182C8C /* ServiceDetailsHeaderView.swift in Sources */,
				11EF60082A42217400A7F66F /* JobsView.swift in Sources */,
				11D8A9382A6708E000DFB117 /* PostsViewCollectionViewCell.swift in Sources */,
				11EF60012A42206500A7F66F /* ServicesInteractor.swift in Sources */,
				1CEF92AE2480EF4200643631 /* Model.xcdatamodeld in Sources */,
				111B224E2A64067A001E88D5 /* CacheManager.swift in Sources */,
				11EF60262A42257500A7F66F /* ProfilesRouter.swift in Sources */,
				11DF741A2A7C3E8A00A67E45 /* ServiceDetailsResponseModel.swift in Sources */,
				115AEDB82A75842B00B66099 /* NotificationsConfigurator.swift in Sources */,
				11EF60052A42207500A7F66F /* ServicesRouter.swift in Sources */,
				11E630742A801CD900182C8C /* String+Extensions.swift in Sources */,
				111B22552A6424BD001E88D5 /* ServiceRequest+Urls.swift in Sources */,
				11EF60102A42219500A7F66F /* JobsRouter.swift in Sources */,
				11A3CFA52A5B11B5001EA591 /* ServicesHeaderViewModel.swift in Sources */,
				1C4818C2247CDF03001B0324 /* TitlesViewController.swift in Sources */,
				11F5C4332A7F990000E031AF /* ServiceDetailsPresenter.swift in Sources */,
				11EF60192A4222F900A7F66F /* NotificationsPresenter.swift in Sources */,
				11EF60222A42256600A7F66F /* ProfilesInteractor.swift in Sources */,
				112DC1142A82ABFD005CB1C7 /* ServiceDetailsStepViewCollectionViewCell.swift in Sources */,
				11F5C4442A7FE20000E031AF /* ServiceDetailsInfoViewModel.swift in Sources */,
				11F5C4402A7FDF2A00E031AF /* ServiceDetailsInfoView.swift in Sources */,
				11D53E8C2A48C2FF0014AC86 /* ServicesConfigurator.swift in Sources */,
				1CEF92B52481761100643631 /* TitleDetailViewController.swift in Sources */,
				11CAFC582A608644007C1847 /* AllServicesViewModel.swift in Sources */,
				11F5C4372A7F991400E031AF /* ServiceDetailsInteractor.swift in Sources */,
				11F5C4312A7F98F500E031AF /* ServiceDetailsViewController.swift in Sources */,
				1CCAC463247CF7F5009AC08C /* TitlesView.swift in Sources */,
				11EF60242A42256D00A7F66F /* ProfilesPresenter.swift in Sources */,
				1CCAC45F247CE372009AC08C /* TitlesPresenter.swift in Sources */,
				112DC1182A82C199005CB1C7 /* ServiceDetailsStepsView.swift in Sources */,
				1CEF92B02480FC5400643631 /* PersistentContainerProvider.swift in Sources */,
				116C8EB02A5DDCDC00FE8173 /* CampaignBottomView.swift in Sources */,
				111B225A2A643DD5001E88D5 /* PopularServicesCollectionViewCell.swift in Sources */,
				11A3CFA02A5AF80A001EA591 /* ServicesSearchBarView.swift in Sources */,
				112DC1162A82AC4A005CB1C7 /* ServiceDetailsStepViewCollectionViewCellModel.swift in Sources */,
				1CEF92B92481763000643631 /* TitleDetailPresenter.swift in Sources */,
				116E82F92A55F33800BBDEC4 /* ServicesHeaderView.swift in Sources */,
				11D53E8A2A48C1D70014AC86 /* TabBarRouter.swift in Sources */,
				11EF600C2A42218600A7F66F /* JobsInteractor.swift in Sources */,
				111B22532A6412E4001E88D5 /* ServicesResponseModel.swift in Sources */,
				116A0BAC2A574B2A00BA9CF3 /* ServicesImageView.swift in Sources */,
				1CCAC45D247CE36B009AC08C /* TitlesInteractor.swift in Sources */,
				11E630722A7FE65200182C8C /* ServiceDetailsHeaderViewModel.swift in Sources */,
				111B22492A640318001E88D5 /* ServiceRequest.swift in Sources */,
				11EF60202A42255D00A7F66F /* ProfilesViewController.swift in Sources */,
				11D8A9362A66FC3900DFB117 /* PostsView.swift in Sources */,
				111A3AEA2A5F2499000CAE8A /* CampaignViewModel.swift in Sources */,
				11EF60152A4222E500A7F66F /* NotificationsViewController.swift in Sources */,
				11F9200B2A680206005B8918 /* NSAttributedString+Extensions.swift in Sources */,
				11EF601E2A42255600A7F66F /* ProfilesView.swift in Sources */,
				11EF5FFD2A42205200A7F66F /* ServicesView.swift in Sources */,
				111B225E2A64469F001E88D5 /* UIImageView+Extentions.swift in Sources */,
				111B22602A6447CB001E88D5 /* PopularServicesViewModel.swift in Sources */,
				11EF60032A42206C00A7F66F /* ServicesPresenter.swift in Sources */,
				11EF60132A4222DE00A7F66F /* NotificationsView.swift in Sources */,
				11EF601B2A4222FF00A7F66F /* NotificationsRouter.swift in Sources */,
				11F5C4352A7F990700E031AF /* ServiceDetailsRouter.swift in Sources */,
				1CEF92B72481762800643631 /* TitleDetailInteractor.swift in Sources */,
				111A3AEC2A5F2E0E000CAE8A /* AllServicesCollectionViewCell.swift in Sources */,
				1CCAC461247CE383009AC08C /* TitlesConfigurator.swift in Sources */,
				1CEF92B32481760700643631 /* TitleDetailView.swift in Sources */,
				1CEF92BB2481763700643631 /* TitleDetailRouter.swift in Sources */,
				1C4818BE247CDF03001B0324 /* AppDelegate.swift in Sources */,
				1CEF92BF2482B6F300643631 /* UIViewController+Extensions.swift in Sources */,
				111B22472A63FF74001E88D5 /* ServiceManager.swift in Sources */,
				111A3AE82A5F212D000CAE8A /* AllServicesView.swift in Sources */,
				11D8A93A2A6709D300DFB117 /* PostsImageView.swift in Sources */,
				111B224B2A64052D001E88D5 /* ServiceEndpoint.swift in Sources */,
				116C8EAE2A5DC64E00FE8173 /* CampaignView.swift in Sources */,
				11F5C42F2A7F98E900E031AF /* ServiceDetailsView.swift in Sources */,
				1CE9D684247D7B2E00C8AAF6 /* TitlesService.swift in Sources */,
				11EF600E2A42218D00A7F66F /* JobsPresenter.swift in Sources */,
				11EF5FFF2A42205B00A7F66F /* ServicesViewController.swift in Sources */,
				11DF74182A7C3C7800A67E45 /* ServiceDetailsViewModel.swift in Sources */,
				11D8A93E2A67399A00DFB117 /* UIView+Extensions.swift in Sources */,
				11D8A9332A66EFB900DFB117 /* CachedImageLoader.swift in Sources */,
				1147A0542A8175C200DBF8F5 /* SeperatorView.swift in Sources */,
				11F5C4392A7F991B00E031AF /* ServiceDetailsConfigurator.swift in Sources */,
				11D8A93C2A67136400DFB117 /* PostsViewModel.swift in Sources */,
				11181B832A5DEFCA00C70CE4 /* CampaignDiscountView.swift in Sources */,
				11EF600A2A42217E00A7F66F /* JobsViewController.swift in Sources */,
				1CCAC45B247CE363009AC08C /* TitlesRouter.swift in Sources */,
			);
			runOnlyForDeploymentPostprocessing = 0;
		};
/* End PBXSourcesBuildPhase section */

/* Begin PBXVariantGroup section */
		1C4818C8247CDF06001B0324 /* LaunchScreen.storyboard */ = {
			isa = PBXVariantGroup;
			children = (
				1C4818C9247CDF06001B0324 /* Base */,
			);
			name = LaunchScreen.storyboard;
			sourceTree = "<group>";
		};
/* End PBXVariantGroup section */

/* Begin XCBuildConfiguration section */
		1C4818CC247CDF06001B0324 /* Debug */ = {
			isa = XCBuildConfiguration;
			buildSettings = {
				ALWAYS_SEARCH_USER_PATHS = NO;
				CLANG_ANALYZER_NONNULL = YES;
				CLANG_ANALYZER_NUMBER_OBJECT_CONVERSION = YES_AGGRESSIVE;
				CLANG_CXX_LANGUAGE_STANDARD = "gnu++14";
				CLANG_CXX_LIBRARY = "libc++";
				CLANG_ENABLE_MODULES = YES;
				CLANG_ENABLE_OBJC_ARC = YES;
				CLANG_ENABLE_OBJC_WEAK = YES;
				CLANG_WARN_BLOCK_CAPTURE_AUTORELEASING = YES;
				CLANG_WARN_BOOL_CONVERSION = YES;
				CLANG_WARN_COMMA = YES;
				CLANG_WARN_CONSTANT_CONVERSION = YES;
				CLANG_WARN_DEPRECATED_OBJC_IMPLEMENTATIONS = YES;
				CLANG_WARN_DIRECT_OBJC_ISA_USAGE = YES_ERROR;
				CLANG_WARN_DOCUMENTATION_COMMENTS = YES;
				CLANG_WARN_EMPTY_BODY = YES;
				CLANG_WARN_ENUM_CONVERSION = YES;
				CLANG_WARN_INFINITE_RECURSION = YES;
				CLANG_WARN_INT_CONVERSION = YES;
				CLANG_WARN_NON_LITERAL_NULL_CONVERSION = YES;
				CLANG_WARN_OBJC_IMPLICIT_RETAIN_SELF = YES;
				CLANG_WARN_OBJC_LITERAL_CONVERSION = YES;
				CLANG_WARN_OBJC_ROOT_CLASS = YES_ERROR;
				CLANG_WARN_RANGE_LOOP_ANALYSIS = YES;
				CLANG_WARN_STRICT_PROTOTYPES = YES;
				CLANG_WARN_SUSPICIOUS_MOVE = YES;
				CLANG_WARN_UNGUARDED_AVAILABILITY = YES_AGGRESSIVE;
				CLANG_WARN_UNREACHABLE_CODE = YES;
				CLANG_WARN__DUPLICATE_METHOD_MATCH = YES;
				COPY_PHASE_STRIP = NO;
				DEBUG_INFORMATION_FORMAT = dwarf;
				ENABLE_STRICT_OBJC_MSGSEND = YES;
				ENABLE_TESTABILITY = YES;
				GCC_C_LANGUAGE_STANDARD = gnu11;
				GCC_DYNAMIC_NO_PIC = NO;
				GCC_NO_COMMON_BLOCKS = YES;
				GCC_OPTIMIZATION_LEVEL = 0;
				GCC_PREPROCESSOR_DEFINITIONS = (
					"DEBUG=1",
					"$(inherited)",
				);
				GCC_WARN_64_TO_32_BIT_CONVERSION = YES;
				GCC_WARN_ABOUT_RETURN_TYPE = YES_ERROR;
				GCC_WARN_UNDECLARED_SELECTOR = YES;
				GCC_WARN_UNINITIALIZED_AUTOS = YES_AGGRESSIVE;
				GCC_WARN_UNUSED_FUNCTION = YES;
				GCC_WARN_UNUSED_VARIABLE = YES;
				IPHONEOS_DEPLOYMENT_TARGET = 13.0;
				MTL_ENABLE_DEBUG_INFO = INCLUDE_SOURCE;
				MTL_FAST_MATH = YES;
				ONLY_ACTIVE_ARCH = YES;
				SDKROOT = iphoneos;
				SWIFT_ACTIVE_COMPILATION_CONDITIONS = DEBUG;
				SWIFT_OPTIMIZATION_LEVEL = "-Onone";
			};
			name = Debug;
		};
		1C4818CD247CDF06001B0324 /* Release */ = {
			isa = XCBuildConfiguration;
			buildSettings = {
				ALWAYS_SEARCH_USER_PATHS = NO;
				CLANG_ANALYZER_NONNULL = YES;
				CLANG_ANALYZER_NUMBER_OBJECT_CONVERSION = YES_AGGRESSIVE;
				CLANG_CXX_LANGUAGE_STANDARD = "gnu++14";
				CLANG_CXX_LIBRARY = "libc++";
				CLANG_ENABLE_MODULES = YES;
				CLANG_ENABLE_OBJC_ARC = YES;
				CLANG_ENABLE_OBJC_WEAK = YES;
				CLANG_WARN_BLOCK_CAPTURE_AUTORELEASING = YES;
				CLANG_WARN_BOOL_CONVERSION = YES;
				CLANG_WARN_COMMA = YES;
				CLANG_WARN_CONSTANT_CONVERSION = YES;
				CLANG_WARN_DEPRECATED_OBJC_IMPLEMENTATIONS = YES;
				CLANG_WARN_DIRECT_OBJC_ISA_USAGE = YES_ERROR;
				CLANG_WARN_DOCUMENTATION_COMMENTS = YES;
				CLANG_WARN_EMPTY_BODY = YES;
				CLANG_WARN_ENUM_CONVERSION = YES;
				CLANG_WARN_INFINITE_RECURSION = YES;
				CLANG_WARN_INT_CONVERSION = YES;
				CLANG_WARN_NON_LITERAL_NULL_CONVERSION = YES;
				CLANG_WARN_OBJC_IMPLICIT_RETAIN_SELF = YES;
				CLANG_WARN_OBJC_LITERAL_CONVERSION = YES;
				CLANG_WARN_OBJC_ROOT_CLASS = YES_ERROR;
				CLANG_WARN_RANGE_LOOP_ANALYSIS = YES;
				CLANG_WARN_STRICT_PROTOTYPES = YES;
				CLANG_WARN_SUSPICIOUS_MOVE = YES;
				CLANG_WARN_UNGUARDED_AVAILABILITY = YES_AGGRESSIVE;
				CLANG_WARN_UNREACHABLE_CODE = YES;
				CLANG_WARN__DUPLICATE_METHOD_MATCH = YES;
				COPY_PHASE_STRIP = NO;
				DEBUG_INFORMATION_FORMAT = "dwarf-with-dsym";
				ENABLE_NS_ASSERTIONS = NO;
				ENABLE_STRICT_OBJC_MSGSEND = YES;
				GCC_C_LANGUAGE_STANDARD = gnu11;
				GCC_NO_COMMON_BLOCKS = YES;
				GCC_WARN_64_TO_32_BIT_CONVERSION = YES;
				GCC_WARN_ABOUT_RETURN_TYPE = YES_ERROR;
				GCC_WARN_UNDECLARED_SELECTOR = YES;
				GCC_WARN_UNINITIALIZED_AUTOS = YES_AGGRESSIVE;
				GCC_WARN_UNUSED_FUNCTION = YES;
				GCC_WARN_UNUSED_VARIABLE = YES;
				IPHONEOS_DEPLOYMENT_TARGET = 13.0;
				MTL_ENABLE_DEBUG_INFO = NO;
				MTL_FAST_MATH = YES;
				SDKROOT = iphoneos;
				SWIFT_COMPILATION_MODE = wholemodule;
				SWIFT_OPTIMIZATION_LEVEL = "-O";
				VALIDATE_PRODUCT = YES;
			};
			name = Release;
		};
		1C4818CF247CDF06001B0324 /* Debug */ = {
			isa = XCBuildConfiguration;
			buildSettings = {
				ASSETCATALOG_COMPILER_APPICON_NAME = AppIcon;
				CODE_SIGN_STYLE = Automatic;
				DEVELOPMENT_TEAM = MJWVGRX9VD;
				INFOPLIST_EXPAND_BUILD_SETTINGS = YES;
				INFOPLIST_FILE = "Clean-VIP/Supporting Files/Info.plist";
				IPHONEOS_DEPLOYMENT_TARGET = 13.0;
				LD_RUNPATH_SEARCH_PATHS = (
					"$(inherited)",
					"@executable_path/Frameworks",
				);
				PRODUCT_BUNDLE_IDENTIFIER = "com.zafar.Clean-VIP";
				PRODUCT_NAME = "$(TARGET_NAME)";
				SWIFT_VERSION = 5.0;
				TARGETED_DEVICE_FAMILY = "1,2";
			};
			name = Debug;
		};
		1C4818D0247CDF06001B0324 /* Release */ = {
			isa = XCBuildConfiguration;
			buildSettings = {
				ASSETCATALOG_COMPILER_APPICON_NAME = AppIcon;
				CODE_SIGN_STYLE = Automatic;
				DEVELOPMENT_TEAM = MJWVGRX9VD;
				INFOPLIST_EXPAND_BUILD_SETTINGS = YES;
				INFOPLIST_FILE = "Clean-VIP/Supporting Files/Info.plist";
				IPHONEOS_DEPLOYMENT_TARGET = 13.0;
				LD_RUNPATH_SEARCH_PATHS = (
					"$(inherited)",
					"@executable_path/Frameworks",
				);
				PRODUCT_BUNDLE_IDENTIFIER = "com.zafar.Clean-VIP";
				PRODUCT_NAME = "$(TARGET_NAME)";
				SWIFT_VERSION = 5.0;
				TARGETED_DEVICE_FAMILY = "1,2";
			};
			name = Release;
		};
/* End XCBuildConfiguration section */

/* Begin XCConfigurationList section */
		1C4818B5247CDF03001B0324 /* Build configuration list for PBXProject "Clean-VIP" */ = {
			isa = XCConfigurationList;
			buildConfigurations = (
				1C4818CC247CDF06001B0324 /* Debug */,
				1C4818CD247CDF06001B0324 /* Release */,
			);
			defaultConfigurationIsVisible = 0;
			defaultConfigurationName = Release;
		};
		1C4818CE247CDF06001B0324 /* Build configuration list for PBXNativeTarget "Clean-VIP" */ = {
			isa = XCConfigurationList;
			buildConfigurations = (
				1C4818CF247CDF06001B0324 /* Debug */,
				1C4818D0247CDF06001B0324 /* Release */,
			);
			defaultConfigurationIsVisible = 0;
			defaultConfigurationName = Release;
		};
/* End XCConfigurationList section */

/* Begin XCVersionGroup section */
		1CEF92AC2480EF4200643631 /* Model.xcdatamodeld */ = {
			isa = XCVersionGroup;
			children = (
				1CEF92AD2480EF4200643631 /* Title.xcdatamodel */,
			);
			currentVersion = 1CEF92AD2480EF4200643631 /* Title.xcdatamodel */;
			path = Model.xcdatamodeld;
			sourceTree = "<group>";
			versionGroupType = wrapper.xcdatamodel;
		};
/* End XCVersionGroup section */
	};
	rootObject = 1C4818B2247CDF03001B0324 /* Project object */;
}
